{
  "name": "dsh-fresh-start",
  "version": "1.5.0",
  "lockfileVersion": 3,
  "requires": true,
  "packages": {
    "": {
      "name": "dsh-fresh-start",
      "version": "1.5.0",
      "license": "MIT",
      "devDependencies": {
        "@deepseek-ai/cordis": "^4.0.4",
        "@deepseek-ai/dsh-llm": "^0.1.7-rc.1"
      },
      "peerDependencies": {
        "@deepseek-ai/cordis": "^4.0.4",
        "@deepseek-ai/dsh-agent-preset-registry": "^0.1.7-rc.1",
        "@deepseek-ai/dsh-llm": "^0.1.7-rc.1"
      }
    },
    "node_modules/@deepseek-ai/cordis": {
      "version": "4.0.4",
      "resolved": "https://registry.npmjs.org/@deepseek-ai/cordis/-/cordis-4.0.4.tgz",
      "integrity": "sha512-obgyxqWAmFn3Re8kvsuUnyW+ihrz6eJCnJO4fh1cQzDtmPYz/zzVeUkH9R94I0OwSVOocK67Kgakm04j/oQXzg==",
      "dev": true,
      "license": "MIT",
      "dependencies": {
        "@deepseek-ai/cosmokit": "~1.8.5",
        "@standard-schema/spec": "^1.1.0"
      },
      "bin": {
        "cordis": "bin.js"
      },
      "peerDependencies": {
        "@deepseek-ai/cordis-plugin-include": "~1.0.9",
        "@deepseek-ai/cordis-plugin-loader": "~1.0.5"
      },
      "peerDependenciesMeta": {
        "@deepseek-ai/cordis-plugin-include": {
          "optional": true
        },
        "@deepseek-ai/cordis-plugin-loader": {
          "optional": true
        }
      }
    },
    "node_modules/@deepseek-ai/cosmokit": {
      "version": "1.8.5",
      "resolved": "https://registry.npmjs.org/@deepseek-ai/cosmokit/-/cosmokit-1.8.5.tgz",
      "integrity": "sha512-LXsrlem9z8dq4sLflj2yuCuYX7KqhdzF5hZly3eZyuTo8d6oDSOXuEgC5DbQWKW+lksm6zmOutQLsP/ma6wR6A==",
      "dev": true,
      "license": "MIT"
    },
    "node_modules/@deepseek-ai/dsh-brand": {
      "version": "0.1.7-rc.1",
      "resolved": "https://registry.npmjs.org/@deepseek-ai/dsh-brand/-/dsh-brand-0.1.7-rc.1.tgz",
      "integrity": "sha512-KvfCuVAiosEyqb37LbGwi2Li90VZXcIDaqM+CxV9qNoyQmGezh8UjFkNQENieT2hPzfQ4CiADbA3vJeLpeQm/g==",
      "dev": true,
      "license": "MIT",
      "peerDependencies": {
        "@deepseek-ai/cordis": "~4.0.4"
      }
    },
    "node_modules/@deepseek-ai/dsh-llm": {
      "version": "0.1.7-rc.1",
      "resolved": "https://registry.npmjs.org/@deepseek-ai/dsh-llm/-/dsh-llm-0.1.7-rc.1.tgz",
      "integrity": "sha512-anh5XNpkjIUdcx1blVX75FILXjl1qRPslHOaneUoBNGlm52gwbgM50qw4YH1gaFpMNLmg+l0TJnvUcgaIGPbzg==",
      "dev": true,
      "license": "MIT",
      "dependencies": {
        "@deepseek-ai/dsh-brand": "0.1.7-rc.1",
        "@deepseek-ai/dsh-timeout": "0.1.7-rc.1",
        "@deepseek-ai/dsh-typert-protocol": "0.1.7-rc.1",
        "@deepseek-ai/dsh-util-crypto": "0.1.7-rc.1",
        "@deepseek-ai/dsh-util-values": "0.1.7-rc.1",
        "@deepseek-ai/schemastery": "~3.18.4",
        "zod": "^4.4.3"
      },
      "peerDependencies": {
        "@deepseek-ai/cordis": "~4.0.4"
      }
    },
    "node_modules/@deepseek-ai/dsh-timeout": {
      "version": "0.1.7-rc.1",
      "resolved": "https://registry.npmjs.org/@deepseek-ai/dsh-timeout/-/dsh-timeout-0.1.7-rc.1.tgz",
      "integrity": "sha512-gIwkv++KmjsVoaAiI4p42YbJKR65Lh/mfTfrjOpB+mon79R4EUaPytamsWf0zw0Bt5zQ6qeIfCif1xeFHjdGJw==",
      "dev": true,
      "license": "MIT",
      "peerDependencies": {
        "@deepseek-ai/cordis": "~4.0.4"
      }
    },
    "node_modules/@deepseek-ai/dsh-typert-protocol": {
      "version": "0.1.7-rc.1",
      "resolved": "https://registry.npmjs.org/@deepseek-ai/dsh-typert-protocol/-/dsh-typert-protocol-0.1.7-rc.1.tgz",
      "integrity": "sha512-DOJiFdvHl1RoJHO7C6XymZUqVZwZiF7JL1PS+AEtQWg6nsYXvlkF1VLbwzPxMW470RzzimGLCz7boOxx086dLA==",
      "dev": true,
      "license": "MIT",
      "dependencies": {
        "@deepseek-ai/dsh-brand": "0.1.7-rc.1"
      },
      "peerDependencies": {
        "@deepseek-ai/cordis": "~4.0.4"
      }
    },
    "node_modules/@deepseek-ai/dsh-util-crypto": {
      "version": "0.1.7-rc.1",
      "resolved": "https://registry.npmjs.org/@deepseek-ai/dsh-util-crypto/-/dsh-util-crypto-0.1.7-rc.1.tgz",
      "integrity": "sha512-jzJFXwDMAQQQcticHErnVEcINCq9P9XSHgZ7VHE4xv6huqXLiRnLN1KWDD96s/vKf9lfrXF3HJr/xNZxyvbcIg==",
      "dev": true,
      "license": "MIT",
      "peerDependencies": {
        "@deepseek-ai/cordis": "~4.0.4"
      }
    },
    "node_modules/@deepseek-ai/dsh-util-values": {
      "version": "0.1.7-rc.1",
      "resolved": "https://registry.npmjs.org/@deepseek-ai/dsh-util-values/-/dsh-util-values-0.1.7-rc.1.tgz",
      "integrity": "sha512-PYSCI/0VxMQS8igLUrSZASuijiTwiCCfgYGn5K7pSLvs0fZn8ccX0NWYFzorPGQH3tYSFpWSHLNQeGgj14ZwDw==",
      "dev": true,
      "license": "MIT",
      "peerDependencies": {
        "@deepseek-ai/cordis": "~4.0.4"
      }
    },
    "node_modules/@deepseek-ai/schemastery": {
      "version": "3.18.4",
      "resolved": "https://registry.npmjs.org/@deepseek-ai/schemastery/-/schemastery-3.18.4.tgz",
      "integrity": "sha512-SSXO6tYuyrIqKVbmOnIq0s+riUywYzouFMcnBluHF9n4KMo2G8HvEzhCYj6pj2617/glOjbJuVInJ9hfONsjkg==",
      "dev": true,
      "license": "MIT",
      "dependencies": {
        "@deepseek-ai/cosmokit": "~1.8.5",
        "@standard-schema/spec": "^1.1.0"
      }
    },
    "node_modules/@standard-schema/spec": {
      "version": "1.1.0",
      "resolved": "https://registry.npmjs.org/@standard-schema/spec/-/spec-1.1.0.tgz",
      "integrity": "sha512-l2aFy5jALhniG5HgqrD6jXLi/rUWrKvqN/qJx6yoJsgKhblVd+iqqU4RCXavm/jPityDo5TCvKMnpjKnOriy0w==",
      "dev": true,
      "license": "MIT"
    },
    "node_modules/zod": {
      "version": "4.6.5",
      "resolved": "https://registry.npmjs.org/zod/-/zod-4.6.5.tgz",
      "integrity": "sha512-v5l/aFXZQeai4awLbOpSoHecE9UiMrnfx75tEXLjNonXVARxQ5mOeipTjROUchszUNCqnE+hqAMujRsRHsut2Q==",
      "dev": true,
      "license": "MIT",
      "funding": {
        "url": "https://github.com/sponsors/colinhacks"
      }
    }
  }
}
